
Microsoft Visual Studio Solution File, Format Version 12.00
# Visual Studio Version 16
VisualStudioVersion = 16.0.31624.102
MinimumVisualStudioVersion = 10.0.40219.1
Project("{FAE04EC0-301F-11D3-BF4B-00C04F79EFBC}") = "MICRUD", "MICRUD.csproj", "{10D3B9D7-2AC8-4D3E-B2B1-B2DDA2D8D248}"
EndProject
Global
	GlobalSection(SolutionConfigurationPlatforms) = preSolution
		Debug|Any CPU = Debug|Any CPU
		Release|Any CPU = Release|Any CPU
	EndGlobalSection
	GlobalSection(ProjectConfigurationPlatforms) = postSolution
		{10D3B9D7-2AC8-4D3E-B2B1-B2DDA2D8D248}.Debug|Any CPU.ActiveCfg = Debug|Any CPU
		{10D3B9D7-2AC8-4D3E-B2B1-B2DDA2D8D248}.Debug|Any CPU.Build.0 = Debug|Any CPU
		{10D3B9D7-2AC8-4D3E-B2B1-B2DDA2D8D248}.Release|Any CPU.ActiveCfg = Release|Any CPU
		{10D3B9D7-2AC8-4D3E-B2B1-B2DDA2D8D248}.Release|Any CPU.Build.0 = Release|Any CPU
	EndGlobalSection
	GlobalSection(SolutionProperties) = preSolution
		HideSolutionNode = FALSE
	EndGlobalSection
	GlobalSection(ExtensibilityGlobals) = postSolution
		SolutionGuid = {1C4F343A-EFBB-4A06-B151-371F74985842}
	EndGlobalSection
EndGlobal
